<?xml version="1.0" encoding="UTF-8"?>
<Scheme
   LastUpgradeVersion = "1010"
   version = "1.3">
   <BuildAction
      parallelizeBuildables = "YES"
      buildImplicitDependencies = "YES">
      <BuildActionEntries>
         <BuildActionEntry
            buildForTesting = "YES"
            buildForRunning = "YES"
            buildForProfiling = "YES"
            buildForArchiving = "YES"
            buildForAnalyzing = "YES">
            <BuildableReference
               BuildableIdentifier = "primary"
               BlueprintIdentifier = "2A717419231F3C0B8A3E0F06"
               BuildableName = "Alamofire.framework"
               BlueprintName = "Alamofire"
               ReferencedContainer = "container:Tuist/Dependencies/SwiftPackageManager/.build/checkouts/Alamofire/Alamofire.xcodeproj">
            </BuildableReference>
         </BuildActionEntry>
         <BuildActionEntry
            buildForTesting = "YES"
            buildForRunning = "YES"
            buildForProfiling = "YES"
            buildForArchiving = "YES"
            buildForAnalyzing = "YES">
            <BuildableReference
               BuildableIdentifier = "primary"
               BlueprintIdentifier = "635838CF12CF39E6BE615A81"
               BuildableName = "DataModule.framework"
               BlueprintName = "DataModule"
               ReferencedContainer = "container:Projects/Data/DataModule/DataModule.xcodeproj">
            </BuildableReference>
         </BuildActionEntry>
         <BuildActionEntry
            buildForTesting = "YES"
            buildForRunning = "YES"
            buildForProfiling = "YES"
            buildForArchiving = "YES"
            buildForAnalyzing = "YES">
            <BuildableReference
               BuildableIdentifier = "primary"
               BlueprintIdentifier = "8F306DF292B8BE3C818515E3"
               BuildableName = "DataModuleTests.xctest"
               BlueprintName = "DataModuleTests"
               ReferencedContainer = "container:Projects/Data/DataModule/DataModule.xcodeproj">
            </BuildableReference>
         </BuildActionEntry>
         <BuildActionEntry
            buildForTesting = "YES"
            buildForRunning = "YES"
            buildForProfiling = "YES"
            buildForArchiving = "YES"
            buildForAnalyzing = "YES">
            <BuildableReference
               BuildableIdentifier = "primary"
               BlueprintIdentifier = "787785524E0E998535524C4F"
               BuildableName = "FBLPromises.framework"
               BlueprintName = "FBLPromises"
               ReferencedContainer = "container:Tuist/Dependencies/SwiftPackageManager/.build/checkouts/promises/Promises.xcodeproj">
            </BuildableReference>
         </BuildActionEntry>
         <BuildActionEntry
            buildForTesting = "YES"
            buildForRunning = "YES"
            buildForProfiling = "YES"
            buildForArchiving = "YES"
            buildForAnalyzing = "YES">
            <BuildableReference
               BuildableIdentifier = "primary"
               BlueprintIdentifier = "889701595646A30881D30ED8"
               BuildableName = "Feature.framework"
               BlueprintName = "Feature"
               ReferencedContainer = "container:Projects/Features/Feature/Feature.xcodeproj">
            </BuildableReference>
         </BuildActionEntry>
         <BuildActionEntry
            buildForTesting = "YES"
            buildForRunning = "YES"
            buildForProfiling = "YES"
            buildForArchiving = "YES"
            buildForAnalyzing = "YES">
            <BuildableReference
               BuildableIdentifier = "primary"
               BlueprintIdentifier = "B80BEDE90B5E77851A6B8979"
               BuildableName = "FeatureTests.xctest"
               BlueprintName = "FeatureTests"
               ReferencedContainer = "container:Projects/Features/Feature/Feature.xcodeproj">
            </BuildableReference>
         </BuildActionEntry>
         <BuildActionEntry
            buildForTesting = "YES"
            buildForRunning = "YES"
            buildForProfiling = "YES"
            buildForArchiving = "YES"
            buildForAnalyzing = "YES">
            <BuildableReference
               BuildableIdentifier = "primary"
               BlueprintIdentifier = "21DED0AB4888403505862EC1"
               BuildableName = "Feature_Feature.bundle"
               BlueprintName = "Feature_Feature"
               ReferencedContainer = "container:Projects/Features/Feature/Feature.xcodeproj">
            </BuildableReference>
         </BuildActionEntry>
         <BuildActionEntry
            buildForTesting = "YES"
            buildForRunning = "YES"
            buildForProfiling = "YES"
            buildForArchiving = "YES"
            buildForAnalyzing = "YES">
            <BuildableReference
               BuildableIdentifier = "primary"
               BlueprintIdentifier = "769B28412864CE639D5C8BFF"
               BuildableName = "Firebase.framework"
               BlueprintName = "Firebase"
               ReferencedContainer = "container:Tuist/Dependencies/SwiftPackageManager/.build/checkouts/firebase-ios-sdk/Firebase.xcodeproj">
            </BuildableReference>
         </BuildActionEntry>
         <BuildActionEntry
            buildForTesting = "YES"
            buildForRunning = "YES"
            buildForProfiling = "YES"
            buildForArchiving = "YES"
            buildForAnalyzing = "YES">
            <BuildableReference
               BuildableIdentifier = "primary"
               BlueprintIdentifier = "4FC43FDDEF3C86017FCEDF2C"
               BuildableName = "FirebaseABTesting.framework"
               BlueprintName = "FirebaseABTesting"
               ReferencedContainer = "container:Tuist/Dependencies/SwiftPackageManager/.build/checkouts/firebase-ios-sdk/Firebase.xcodeproj">
            </BuildableReference>
         </BuildActionEntry>
         <BuildActionEntry
            buildForTesting = "YES"
            buildForRunning = "YES"
            buildForProfiling = "YES"
            buildForArchiving = "YES"
            buildForAnalyzing = "YES">
            <BuildableReference
               BuildableIdentifier = "primary"
               BlueprintIdentifier = "DEE927B31AD452C0CB9D7682"
               BuildableName = "FirebaseAnalyticsTarget.framework"
               BlueprintName = "FirebaseAnalyticsTarget"
               ReferencedContainer = "container:Tuist/Dependencies/SwiftPackageManager/.build/checkouts/firebase-ios-sdk/Firebase.xcodeproj">
            </BuildableReference>
         </BuildActionEntry>
         <BuildActionEntry
            buildForTesting = "YES"
            buildForRunning = "YES"
            buildForProfiling = "YES"
            buildForArchiving = "YES"
            buildForAnalyzing = "YES">
            <BuildableReference
               BuildableIdentifier = "primary"
               BlueprintIdentifier = "95FACE305A2B4D7CF92BDDD9"
               BuildableName = "FirebaseAnalyticsWrapper.framework"
               BlueprintName = "FirebaseAnalyticsWrapper"
               ReferencedContainer = "container:Tuist/Dependencies/SwiftPackageManager/.build/checkouts/firebase-ios-sdk/Firebase.xcodeproj">
            </BuildableReference>
         </BuildActionEntry>
         <BuildActionEntry
            buildForTesting = "YES"
            buildForRunning = "YES"
            buildForProfiling = "YES"
            buildForArchiving = "YES"
            buildForAnalyzing = "YES">
            <BuildableReference
               BuildableIdentifier = "primary"
               BlueprintIdentifier = "76913A6628DE3CA06F1E69AD"
               BuildableName = "FirebaseCore.framework"
               BlueprintName = "FirebaseCore"
               ReferencedContainer = "container:Tuist/Dependencies/SwiftPackageManager/.build/checkouts/firebase-ios-sdk/Firebase.xcodeproj">
            </BuildableReference>
         </BuildActionEntry>
         <BuildActionEntry
            buildForTesting = "YES"
            buildForRunning = "YES"
            buildForProfiling = "YES"
            buildForArchiving = "YES"
            buildForAnalyzing = "YES">
            <BuildableReference
               BuildableIdentifier = "primary"
               BlueprintIdentifier = "1688E5B40C8D8ED64293C659"
               BuildableName = "FirebaseCoreDiagnostics.framework"
               BlueprintName = "FirebaseCoreDiagnostics"
               ReferencedContainer = "container:Tuist/Dependencies/SwiftPackageManager/.build/checkouts/firebase-ios-sdk/Firebase.xcodeproj">
            </BuildableReference>
         </BuildActionEntry>
         <BuildActionEntry
            buildForTesting = "YES"
            buildForRunning = "YES"
            buildForProfiling = "YES"
            buildForArchiving = "YES"
            buildForAnalyzing = "YES">
            <BuildableReference
               BuildableIdentifier = "primary"
               BlueprintIdentifier = "BF2506109F9DAB9BDE836612"
               BuildableName = "FirebaseCoreInternal.framework"
               BlueprintName = "FirebaseCoreInternal"
               ReferencedContainer = "container:Tuist/Dependencies/SwiftPackageManager/.build/checkouts/firebase-ios-sdk/Firebase.xcodeproj">
            </BuildableReference>
         </BuildActionEntry>
         <BuildActionEntry
            buildForTesting = "YES"
            buildForRunning = "YES"
            buildForProfiling = "YES"
            buildForArchiving = "YES"
            buildForAnalyzing = "YES">
            <BuildableReference
               BuildableIdentifier = "primary"
               BlueprintIdentifier = "7BAF952BFAF2C029D02AA069"
               BuildableName = "FirebaseCrashlytics.framework"
               BlueprintName = "FirebaseCrashlytics"
               ReferencedContainer = "container:Tuist/Dependencies/SwiftPackageManager/.build/checkouts/firebase-ios-sdk/Firebase.xcodeproj">
            </BuildableReference>
         </BuildActionEntry>
         <BuildActionEntry
            buildForTesting = "YES"
            buildForRunning = "YES"
            buildForProfiling = "YES"
            buildForArchiving = "YES"
            buildForAnalyzing = "YES">
            <BuildableReference
               BuildableIdentifier = "primary"
               BlueprintIdentifier = "6FD7A82BF6A96086DF50776D"
               BuildableName = "FirebaseInstallations.framework"
               BlueprintName = "FirebaseInstallations"
               ReferencedContainer = "container:Tuist/Dependencies/SwiftPackageManager/.build/checkouts/firebase-ios-sdk/Firebase.xcodeproj">
            </BuildableReference>
         </BuildActionEntry>
         <BuildActionEntry
            buildForTesting = "YES"
            buildForRunning = "YES"
            buildForProfiling = "YES"
            buildForArchiving = "YES"
            buildForAnalyzing = "YES">
            <BuildableReference
               BuildableIdentifier = "primary"
               BlueprintIdentifier = "57E533AFCBDD1292FEE34A87"
               BuildableName = "FirebaseRemoteConfig.framework"
               BlueprintName = "FirebaseRemoteConfig"
               ReferencedContainer = "container:Tuist/Dependencies/SwiftPackageManager/.build/checkouts/firebase-ios-sdk/Firebase.xcodeproj">
            </BuildableReference>
         </BuildActionEntry>
         <BuildActionEntry
            buildForTesting = "YES"
            buildForRunning = "YES"
            buildForProfiling = "YES"
            buildForArchiving = "YES"
            buildForAnalyzing = "YES">
            <BuildableReference
               BuildableIdentifier = "primary"
               BlueprintIdentifier = "4160F70E94342FB432F5ABF1"
               BuildableName = "GoogleAppMeasurementTarget.framework"
               BlueprintName = "GoogleAppMeasurementTarget"
               ReferencedContainer = "container:Tuist/Dependencies/SwiftPackageManager/.build/checkouts/GoogleAppMeasurement/GoogleAppMeasurement.xcodeproj">
            </BuildableReference>
         </BuildActionEntry>
         <BuildActionEntry
            buildForTesting = "YES"
            buildForRunning = "YES"
            buildForProfiling = "YES"
            buildForArchiving = "YES"
            buildForAnalyzing = "YES">
            <BuildableReference
               BuildableIdentifier = "primary"
               BlueprintIdentifier = "08D12528663D0C8DD1A99BCB"
               BuildableName = "GoogleDataTransport.framework"
               BlueprintName = "GoogleDataTransport"
               ReferencedContainer = "container:Tuist/Dependencies/SwiftPackageManager/.build/checkouts/GoogleDataTransport/GoogleDataTransport.xcodeproj">
            </BuildableReference>
         </BuildActionEntry>
         <BuildActionEntry
            buildForTesting = "YES"
            buildForRunning = "YES"
            buildForProfiling = "YES"
            buildForArchiving = "YES"
            buildForAnalyzing = "YES">
            <BuildableReference
               BuildableIdentifier = "primary"
               BlueprintIdentifier = "EC477759BFE4F823005B9D86"
               BuildableName = "GoogleUtilities_AppDelegateSwizzler.framework"
               BlueprintName = "GoogleUtilities_AppDelegateSwizzler"
               ReferencedContainer = "container:Tuist/Dependencies/SwiftPackageManager/.build/checkouts/GoogleUtilities/GoogleUtilities.xcodeproj">
            </BuildableReference>
         </BuildActionEntry>
         <BuildActionEntry
            buildForTesting = "YES"
            buildForRunning = "YES"
            buildForProfiling = "YES"
            buildForArchiving = "YES"
            buildForAnalyzing = "YES">
            <BuildableReference
               BuildableIdentifier = "primary"
               BlueprintIdentifier = "6F4C4E17DD504F0DCED0F0A4"
               BuildableName = "GoogleUtilities_Environment.framework"
               BlueprintName = "GoogleUtilities_Environment"
               ReferencedContainer = "container:Tuist/Dependencies/SwiftPackageManager/.build/checkouts/GoogleUtilities/GoogleUtilities.xcodeproj">
            </BuildableReference>
         </BuildActionEntry>
         <BuildActionEntry
            buildForTesting = "YES"
            buildForRunning = "YES"
            buildForProfiling = "YES"
            buildForArchiving = "YES"
            buildForAnalyzing = "YES">
            <BuildableReference
               BuildableIdentifier = "primary"
               BlueprintIdentifier = "00754A25F0A0D0C9FAD01044"
               BuildableName = "GoogleUtilities_Logger.framework"
               BlueprintName = "GoogleUtilities_Logger"
               ReferencedContainer = "container:Tuist/Dependencies/SwiftPackageManager/.build/checkouts/GoogleUtilities/GoogleUtilities.xcodeproj">
            </BuildableReference>
         </BuildActionEntry>
         <BuildActionEntry
            buildForTesting = "YES"
            buildForRunning = "YES"
            buildForProfiling = "YES"
            buildForArchiving = "YES"
            buildForAnalyzing = "YES">
            <BuildableReference
               BuildableIdentifier = "primary"
               BlueprintIdentifier = "345AE0391E6E0CBB29EF29F2"
               BuildableName = "GoogleUtilities_MethodSwizzler.framework"
               BlueprintName = "GoogleUtilities_MethodSwizzler"
               ReferencedContainer = "container:Tuist/Dependencies/SwiftPackageManager/.build/checkouts/GoogleUtilities/GoogleUtilities.xcodeproj">
            </BuildableReference>
         </BuildActionEntry>
         <BuildActionEntry
            buildForTesting = "YES"
            buildForRunning = "YES"
            buildForProfiling = "YES"
            buildForArchiving = "YES"
            buildForAnalyzing = "YES">
            <BuildableReference
               BuildableIdentifier = "primary"
               BlueprintIdentifier = "AAA32300B0CDA27CA9FA5837"
               BuildableName = "GoogleUtilities_NSData.framework"
               BlueprintName = "GoogleUtilities_NSData"
               ReferencedContainer = "container:Tuist/Dependencies/SwiftPackageManager/.build/checkouts/GoogleUtilities/GoogleUtilities.xcodeproj">
            </BuildableReference>
         </BuildActionEntry>
         <BuildActionEntry
            buildForTesting = "YES"
            buildForRunning = "YES"
            buildForProfiling = "YES"
            buildForArchiving = "YES"
            buildForAnalyzing = "YES">
            <BuildableReference
               BuildableIdentifier = "primary"
               BlueprintIdentifier = "AC0F0A775337D24AC2E282E7"
               BuildableName = "GoogleUtilities_Network.framework"
               BlueprintName = "GoogleUtilities_Network"
               ReferencedContainer = "container:Tuist/Dependencies/SwiftPackageManager/.build/checkouts/GoogleUtilities/GoogleUtilities.xcodeproj">
            </BuildableReference>
         </BuildActionEntry>
         <BuildActionEntry
            buildForTesting = "YES"
            buildForRunning = "YES"
            buildForProfiling = "YES"
            buildForArchiving = "YES"
            buildForAnalyzing = "YES">
            <BuildableReference
               BuildableIdentifier = "primary"
               BlueprintIdentifier = "4BBE44F7B1267F29079957CC"
               BuildableName = "GoogleUtilities_Reachability.framework"
               BlueprintName = "GoogleUtilities_Reachability"
               ReferencedContainer = "container:Tuist/Dependencies/SwiftPackageManager/.build/checkouts/GoogleUtilities/GoogleUtilities.xcodeproj">
            </BuildableReference>
         </BuildActionEntry>
         <BuildActionEntry
            buildForTesting = "YES"
            buildForRunning = "YES"
            buildForProfiling = "YES"
            buildForArchiving = "YES"
            buildForAnalyzing = "YES">
            <BuildableReference
               BuildableIdentifier = "primary"
               BlueprintIdentifier = "5CAFAA6C6B38D21ECF76C0C0"
               BuildableName = "GoogleUtilities_UserDefaults.framework"
               BlueprintName = "GoogleUtilities_UserDefaults"
               ReferencedContainer = "container:Tuist/Dependencies/SwiftPackageManager/.build/checkouts/GoogleUtilities/GoogleUtilities.xcodeproj">
            </BuildableReference>
         </BuildActionEntry>
         <BuildActionEntry
            buildForTesting = "YES"
            buildForRunning = "YES"
            buildForProfiling = "YES"
            buildForArchiving = "YES"
            buildForAnalyzing = "YES">
            <BuildableReference
               BuildableIdentifier = "primary"
               BlueprintIdentifier = "7C14AC27021FF442200B3853"
               BuildableName = "KakaoSDKAuth.framework"
               BlueprintName = "KakaoSDKAuth"
               ReferencedContainer = "container:Tuist/Dependencies/SwiftPackageManager/.build/checkouts/kakao-ios-sdk/KakaoOpenSDK.xcodeproj">
            </BuildableReference>
         </BuildActionEntry>
         <BuildActionEntry
            buildForTesting = "YES"
            buildForRunning = "YES"
            buildForProfiling = "YES"
            buildForArchiving = "YES"
            buildForAnalyzing = "YES">
            <BuildableReference
               BuildableIdentifier = "primary"
               BlueprintIdentifier = "98459E8BC6B6914855F2F2D5"
               BuildableName = "KakaoSDKCommon.framework"
               BlueprintName = "KakaoSDKCommon"
               ReferencedContainer = "container:Tuist/Dependencies/SwiftPackageManager/.build/checkouts/kakao-ios-sdk/KakaoOpenSDK.xcodeproj">
            </BuildableReference>
         </BuildActionEntry>
         <BuildActionEntry
            buildForTesting = "YES"
            buildForRunning = "YES"
            buildForProfiling = "YES"
            buildForArchiving = "YES"
            buildForAnalyzing = "YES">
            <BuildableReference
               BuildableIdentifier = "primary"
               BlueprintIdentifier = "29DF1CDF286567DB176A09D0"
               BuildableName = "KakaoSDKUser.framework"
               BlueprintName = "KakaoSDKUser"
               ReferencedContainer = "container:Tuist/Dependencies/SwiftPackageManager/.build/checkouts/kakao-ios-sdk/KakaoOpenSDK.xcodeproj">
            </BuildableReference>
         </BuildActionEntry>
         <BuildActionEntry
            buildForTesting = "YES"
            buildForRunning = "YES"
            buildForProfiling = "YES"
            buildForArchiving = "YES"
            buildForAnalyzing = "YES">
            <BuildableReference
               BuildableIdentifier = "primary"
               BlueprintIdentifier = "1612B4979D37C20F1E92F32F"
               BuildableName = "RD_Core.framework"
               BlueprintName = "RD-Core"
               ReferencedContainer = "container:Projects/Core/RD-Core/RD-Core.xcodeproj">
            </BuildableReference>
         </BuildActionEntry>
         <BuildActionEntry
            buildForTesting = "YES"
            buildForRunning = "YES"
            buildForProfiling = "YES"
            buildForArchiving = "YES"
            buildForAnalyzing = "YES">
            <BuildableReference
               BuildableIdentifier = "primary"
               BlueprintIdentifier = "48352F15B1F134754123670B"
               BuildableName = "RD_CoreTests.xctest"
               BlueprintName = "RD-CoreTests"
               ReferencedContainer = "container:Projects/Core/RD-Core/RD-Core.xcodeproj">
            </BuildableReference>
         </BuildActionEntry>
         <BuildActionEntry
            buildForTesting = "YES"
            buildForRunning = "YES"
            buildForProfiling = "YES"
            buildForArchiving = "YES"
            buildForAnalyzing = "YES">
            <BuildableReference
               BuildableIdentifier = "primary"
               BlueprintIdentifier = "251DF19BD935AF5510DC7F81"
               BuildableName = "RD_DSKit.framework"
               BlueprintName = "RD-DSKit"
               ReferencedContainer = "container:Projects/UI/RD-DSKit/RD-DSKit.xcodeproj">
            </BuildableReference>
         </BuildActionEntry>
         <BuildActionEntry
            buildForTesting = "YES"
            buildForRunning = "YES"
            buildForProfiling = "YES"
            buildForArchiving = "YES"
            buildForAnalyzing = "YES">
            <BuildableReference
               BuildableIdentifier = "primary"
               BlueprintIdentifier = "604E84CF3E51AD1EB37DF117"
               BuildableName = "RD_DSKitTests.xctest"
               BlueprintName = "RD-DSKitTests"
               ReferencedContainer = "container:Projects/UI/RD-DSKit/RD-DSKit.xcodeproj">
            </BuildableReference>
         </BuildActionEntry>
         <BuildActionEntry
            buildForTesting = "YES"
            buildForRunning = "YES"
            buildForProfiling = "YES"
            buildForArchiving = "YES"
            buildForAnalyzing = "YES">
            <BuildableReference
               BuildableIdentifier = "primary"
               BlueprintIdentifier = "AE83B7D072900D2ED8EA0046"
               BuildableName = "RecorDream_iOS.app"
               BlueprintName = "RecorDream-iOS"
               ReferencedContainer = "container:Projects/RecorDream-iOS/RecorDream-iOS.xcodeproj">
            </BuildableReference>
         </BuildActionEntry>
         <BuildActionEntry
            buildForTesting = "YES"
            buildForRunning = "YES"
            buildForProfiling = "YES"
            buildForArchiving = "YES"
            buildForAnalyzing = "YES">
            <BuildableReference
               BuildableIdentifier = "primary"
               BlueprintIdentifier = "29F724B1F02D684A71B7C28E"
               BuildableName = "RecorDream_iOSTests.xctest"
               BlueprintName = "RecorDream-iOSTests"
               ReferencedContainer = "container:Projects/RecorDream-iOS/RecorDream-iOS.xcodeproj">
            </BuildableReference>
         </BuildActionEntry>
         <BuildActionEntry
            buildForTesting = "YES"
            buildForRunning = "YES"
            buildForProfiling = "YES"
            buildForArchiving = "YES"
            buildForAnalyzing = "YES">
            <BuildableReference
               BuildableIdentifier = "primary"
               BlueprintIdentifier = "B8553AE058E48CADF8895B28"
               BuildableName = "RxCocoa.framework"
               BlueprintName = "RxCocoa"
               ReferencedContainer = "container:Tuist/Dependencies/SwiftPackageManager/.build/checkouts/RxSwift/RxSwift.xcodeproj">
            </BuildableReference>
         </BuildActionEntry>
         <BuildActionEntry
            buildForTesting = "YES"
            buildForRunning = "YES"
            buildForProfiling = "YES"
            buildForArchiving = "YES"
            buildForAnalyzing = "YES">
            <BuildableReference
               BuildableIdentifier = "primary"
               BlueprintIdentifier = "8A30B8272F02FD2827613749"
               BuildableName = "RxCocoaRuntime.framework"
               BlueprintName = "RxCocoaRuntime"
               ReferencedContainer = "container:Tuist/Dependencies/SwiftPackageManager/.build/checkouts/RxSwift/RxSwift.xcodeproj">
            </BuildableReference>
         </BuildActionEntry>
         <BuildActionEntry
            buildForTesting = "YES"
            buildForRunning = "YES"
            buildForProfiling = "YES"
            buildForArchiving = "YES"
            buildForAnalyzing = "YES">
            <BuildableReference
               BuildableIdentifier = "primary"
               BlueprintIdentifier = "95C3C64AA50990FE5F757F3A"
               BuildableName = "RxRelay.framework"
               BlueprintName = "RxRelay"
               ReferencedContainer = "container:Tuist/Dependencies/SwiftPackageManager/.build/checkouts/RxSwift/RxSwift.xcodeproj">
            </BuildableReference>
         </BuildActionEntry>
         <BuildActionEntry
            buildForTesting = "YES"
            buildForRunning = "YES"
            buildForProfiling = "YES"
            buildForArchiving = "YES"
            buildForAnalyzing = "YES">
            <BuildableReference
               BuildableIdentifier = "primary"
               BlueprintIdentifier = "8347C3C08CE16ABDA172FCE3"
               BuildableName = "RxSwift.framework"
               BlueprintName = "RxSwift"
               ReferencedContainer = "container:Tuist/Dependencies/SwiftPackageManager/.build/checkouts/RxSwift/RxSwift.xcodeproj">
            </BuildableReference>
         </BuildActionEntry>
         <BuildActionEntry
            buildForTesting = "YES"
            buildForRunning = "YES"
            buildForProfiling = "YES"
            buildForArchiving = "YES"
            buildForAnalyzing = "YES">
            <BuildableReference
               BuildableIdentifier = "primary"
               BlueprintIdentifier = "8A043024BB190898066F1729"
               BuildableName = "SnapKit.framework"
               BlueprintName = "SnapKit"
               ReferencedContainer = "container:Tuist/Dependencies/SwiftPackageManager/.build/checkouts/SnapKit/SnapKit.xcodeproj">
            </BuildableReference>
         </BuildActionEntry>
         <BuildActionEntry
            buildForTesting = "YES"
            buildForRunning = "YES"
            buildForProfiling = "YES"
            buildForArchiving = "YES"
            buildForAnalyzing = "YES">
            <BuildableReference
               BuildableIdentifier = "primary"
               BlueprintIdentifier = "F01E11161170C8F2E81DBA6D"
               BuildableName = "ThirdPartyLib.framework"
               BlueprintName = "ThirdPartyLib"
               ReferencedContainer = "container:Projects/Modules/ThirdPartyLib/ThirdPartyLib.xcodeproj">
            </BuildableReference>
         </BuildActionEntry>
         <BuildActionEntry
            buildForTesting = "YES"
            buildForRunning = "YES"
            buildForProfiling = "YES"
            buildForArchiving = "YES"
            buildForAnalyzing = "YES">
            <BuildableReference
               BuildableIdentifier = "primary"
               BlueprintIdentifier = "72EC3D2839A998BE00FC4228"
               BuildableName = "ThirdPartyLibTests.xctest"
               BlueprintName = "ThirdPartyLibTests"
               ReferencedContainer = "container:Projects/Modules/ThirdPartyLib/ThirdPartyLib.xcodeproj">
            </BuildableReference>
         </BuildActionEntry>
         <BuildActionEntry
            buildForTesting = "YES"
            buildForRunning = "YES"
            buildForProfiling = "YES"
            buildForArchiving = "YES"
            buildForAnalyzing = "YES">
            <BuildableReference
               BuildableIdentifier = "primary"
               BlueprintIdentifier = "00CCAE173147AFA99AA51F0E"
               BuildableName = "nanopb.framework"
               BlueprintName = "nanopb"
               ReferencedContainer = "container:Tuist/Dependencies/SwiftPackageManager/.build/checkouts/nanopb/nanopb.xcodeproj">
            </BuildableReference>
         </BuildActionEntry>
      </BuildActionEntries>
   </BuildAction>
   <TestAction
      buildConfiguration = "Debug"
      selectedDebuggerIdentifier = "Xcode.DebuggerFoundation.Debugger.LLDB"
      selectedLauncherIdentifier = "Xcode.DebuggerFoundation.Launcher.LLDB"
      shouldUseLaunchSchemeArgsEnv = "YES">
      <Testables>
         <TestableReference
            skipped = "NO">
            <BuildableReference
               BuildableIdentifier = "primary"
               BlueprintIdentifier = "8F306DF292B8BE3C818515E3"
               BuildableName = "DataModuleTests.xctest"
               BlueprintName = "DataModuleTests"
               ReferencedContainer = "container:Projects/Data/DataModule/DataModule.xcodeproj">
            </BuildableReference>
         </TestableReference>
         <TestableReference
            skipped = "NO">
            <BuildableReference
               BuildableIdentifier = "primary"
               BlueprintIdentifier = "B80BEDE90B5E77851A6B8979"
               BuildableName = "FeatureTests.xctest"
               BlueprintName = "FeatureTests"
               ReferencedContainer = "container:Projects/Features/Feature/Feature.xcodeproj">
            </BuildableReference>
         </TestableReference>
         <TestableReference
            skipped = "NO">
            <BuildableReference
               BuildableIdentifier = "primary"
               BlueprintIdentifier = "48352F15B1F134754123670B"
               BuildableName = "RD_CoreTests.xctest"
               BlueprintName = "RD-CoreTests"
               ReferencedContainer = "container:Projects/Core/RD-Core/RD-Core.xcodeproj">
            </BuildableReference>
         </TestableReference>
         <TestableReference
            skipped = "NO">
            <BuildableReference
               BuildableIdentifier = "primary"
               BlueprintIdentifier = "604E84CF3E51AD1EB37DF117"
               BuildableName = "RD_DSKitTests.xctest"
               BlueprintName = "RD-DSKitTests"
               ReferencedContainer = "container:Projects/UI/RD-DSKit/RD-DSKit.xcodeproj">
            </BuildableReference>
         </TestableReference>
         <TestableReference
            skipped = "NO">
            <BuildableReference
               BuildableIdentifier = "primary"
               BlueprintIdentifier = "29F724B1F02D684A71B7C28E"
               BuildableName = "RecorDream_iOSTests.xctest"
               BlueprintName = "RecorDream-iOSTests"
               ReferencedContainer = "container:Projects/RecorDream-iOS/RecorDream-iOS.xcodeproj">
            </BuildableReference>
         </TestableReference>
         <TestableReference
            skipped = "NO">
            <BuildableReference
               BuildableIdentifier = "primary"
               BlueprintIdentifier = "72EC3D2839A998BE00FC4228"
               BuildableName = "ThirdPartyLibTests.xctest"
               BlueprintName = "ThirdPartyLibTests"
               ReferencedContainer = "container:Projects/Modules/ThirdPartyLib/ThirdPartyLib.xcodeproj">
            </BuildableReference>
         </TestableReference>
      </Testables>
   </TestAction>
   <LaunchAction
      buildConfiguration = "Debug"
      selectedDebuggerIdentifier = "Xcode.DebuggerFoundation.Debugger.LLDB"
      selectedLauncherIdentifier = "Xcode.DebuggerFoundation.Launcher.LLDB"
      launchStyle = "0"
      useCustomWorkingDirectory = "NO"
      ignoresPersistentStateOnLaunch = "NO"
      debugDocumentVersioning = "YES"
      debugServiceExtension = "internal"
      allowLocationSimulation = "YES">
      <MacroExpansion>
         <BuildableReference
            BuildableIdentifier = "primary"
            BlueprintIdentifier = "2A717419231F3C0B8A3E0F06"
            BuildableName = "Alamofire.framework"
            BlueprintName = "Alamofire"
            ReferencedContainer = "container:Tuist/Dependencies/SwiftPackageManager/.build/checkouts/Alamofire/Alamofire.xcodeproj">
         </BuildableReference>
      </MacroExpansion>
   </LaunchAction>
   <ProfileAction
      buildConfiguration = "Release"
      shouldUseLaunchSchemeArgsEnv = "YES"
      savedToolIdentifier = ""
      useCustomWorkingDirectory = "NO"
      debugDocumentVersioning = "YES">
      <MacroExpansion>
         <BuildableReference
            BuildableIdentifier = "primary"
            BlueprintIdentifier = "2A717419231F3C0B8A3E0F06"
            BuildableName = "Alamofire.framework"
            BlueprintName = "Alamofire"
            ReferencedContainer = "container:Tuist/Dependencies/SwiftPackageManager/.build/checkouts/Alamofire/Alamofire.xcodeproj">
         </BuildableReference>
      </MacroExpansion>
   </ProfileAction>
   <AnalyzeAction
      buildConfiguration = "Debug">
   </AnalyzeAction>
   <ArchiveAction
      buildConfiguration = "Release"
      revealArchiveInOrganizer = "YES">
   </ArchiveAction>
</Scheme>
